# THIS IS AN AUTOGENERATED FILE. DO NOT EDIT THIS FILE DIRECTLY.
# yarn lockfile v1


react-content-loader@^6.0.1:
  version "6.0.1"
  resolved "https://registry.yarnpkg.com/react-content-loader/-/react-content-loader-6.0.1.tgz#1c5ce4a6256d974fcd3ac85460eca24b33226920"
  integrity sha512-djJUgGNze7YdWzJA1kYO1eKXAMpP+Z4sMulmEuTVi6vEXzfuQCJs6yD8hhgWj23vvJPZL5b8NyabxteyF8Hq/g==
